
Microsoft Visual Studio Solution File, Format Version 12.00
# Visual Studio Version 16
VisualStudioVersion = 16.0.30621.155
MinimumVisualStudioVersion = 10.0.40219.1
Project("{2150E333-8FDC-42A3-9474-1A3956D46DE8}") = "Solution Items", "Solution Items", "{20193DFD-6707-4D9F-9FB9-7976F685CBB0}"
	ProjectSection(SolutionItems) = preProject
		.gitattributes = .gitattributes
		.gitignore = .gitignore
		src\Directory.Build.props = src\Directory.Build.props
		.github\workflows\dotnet.yml = .github\workflows\dotnet.yml
		LICENSE = LICENSE
		README.md = README.md
	EndProjectSection
EndProject
Project("{9A19103F-16F7-4668-BE54-9A1E7A4F7556}") = "Unofficial.Microsoft.mshtml.NetStandard", "src\Unofficial.Microsoft.mshtml.NetStandard\Unofficial.Microsoft.mshtml.NetStandard.csproj", "{746E0115-E329-4301-AA79-7DE1AC142A1B}"
EndProject
Project("{9A19103F-16F7-4668-BE54-9A1E7A4F7556}") = "VCRuntime.140", "src\VCRuntime.140\VCRuntime.140.csproj", "{3A5A6F8A-7DC8-4886-AE1E-1B64118F318D}"
EndProject
Project("{9A19103F-16F7-4668-BE54-9A1E7A4F7556}") = "VCRuntime.CefSharp.140", "src\VCRuntime.CefSharp.140\VCRuntime.CefSharp.140.csproj", "{CF755FA4-436D-4FEA-A061-2315CB7AD52B}"
EndProject
Project("{9A19103F-16F7-4668-BE54-9A1E7A4F7556}") = "Hunspell.Native", "src\Hunspell.Native\Hunspell.Native.csproj", "{37932100-1970-407B-807A-2F9159C06AC2}"
EndProject
Project("{9A19103F-16F7-4668-BE54-9A1E7A4F7556}") = "FontAwesome.Sharp.StrongName", "src\FontAwesome.Sharp.StrongName\FontAwesome.Sharp.StrongName.csproj", "{36C8F6B2-D629-44F6-8E75-E189A16A3D2F}"
EndProject
Project("{9A19103F-16F7-4668-BE54-9A1E7A4F7556}") = "H.Build.CustomTasks", "src\H.Build.CustomTasks\H.Build.CustomTasks.csproj", "{191352DB-F052-4089-B6E3-9716969D40B4}"
EndProject
Project("{9A19103F-16F7-4668-BE54-9A1E7A4F7556}") = "JCS.ToggleSwitch", "src\JCS.ToggleSwitch\JCS.ToggleSwitch.csproj", "{A7B5B956-58EE-481D-8EA6-8A999627E6E5}"
EndProject
Project("{9A19103F-16F7-4668-BE54-9A1E7A4F7556}") = "Unofficial.PLUSManaged", "src\Unofficial.PLUSManaged\Unofficial.PLUSManaged.csproj", "{0C100A97-4BF7-4711-B2BB-380BCDC0E89B}"
EndProject
Global
	GlobalSection(SolutionConfigurationPlatforms) = preSolution
		Debug|Any CPU = Debug|Any CPU
		Release|Any CPU = Release|Any CPU
	EndGlobalSection
	GlobalSection(ProjectConfigurationPlatforms) = postSolution
		{746E0115-E329-4301-AA79-7DE1AC142A1B}.Debug|Any CPU.ActiveCfg = Debug|Any CPU
		{746E0115-E329-4301-AA79-7DE1AC142A1B}.Debug|Any CPU.Build.0 = Debug|Any CPU
		{746E0115-E329-4301-AA79-7DE1AC142A1B}.Release|Any CPU.ActiveCfg = Release|Any CPU
		{746E0115-E329-4301-AA79-7DE1AC142A1B}.Release|Any CPU.Build.0 = Release|Any CPU
		{3A5A6F8A-7DC8-4886-AE1E-1B64118F318D}.Debug|Any CPU.ActiveCfg = Debug|Any CPU
		{3A5A6F8A-7DC8-4886-AE1E-1B64118F318D}.Debug|Any CPU.Build.0 = Debug|Any CPU
		{3A5A6F8A-7DC8-4886-AE1E-1B64118F318D}.Release|Any CPU.ActiveCfg = Release|Any CPU
		{3A5A6F8A-7DC8-4886-AE1E-1B64118F318D}.Release|Any CPU.Build.0 = Release|Any CPU
		{CF755FA4-436D-4FEA-A061-2315CB7AD52B}.Debug|Any CPU.ActiveCfg = Debug|Any CPU
		{CF755FA4-436D-4FEA-A061-2315CB7AD52B}.Debug|Any CPU.Build.0 = Debug|Any CPU
		{CF755FA4-436D-4FEA-A061-2315CB7AD52B}.Release|Any CPU.ActiveCfg = Release|Any CPU
		{CF755FA4-436D-4FEA-A061-2315CB7AD52B}.Release|Any CPU.Build.0 = Release|Any CPU
		{37932100-1970-407B-807A-2F9159C06AC2}.Debug|Any CPU.ActiveCfg = Debug|Any CPU
		{37932100-1970-407B-807A-2F9159C06AC2}.Debug|Any CPU.Build.0 = Debug|Any CPU
		{37932100-1970-407B-807A-2F9159C06AC2}.Release|Any CPU.ActiveCfg = Release|Any CPU
		{37932100-1970-407B-807A-2F9159C06AC2}.Release|Any CPU.Build.0 = Release|Any CPU
		{36C8F6B2-D629-44F6-8E75-E189A16A3D2F}.Debug|Any CPU.ActiveCfg = Debug|Any CPU
		{36C8F6B2-D629-44F6-8E75-E189A16A3D2F}.Debug|Any CPU.Build.0 = Debug|Any CPU
		{36C8F6B2-D629-44F6-8E75-E189A16A3D2F}.Release|Any CPU.ActiveCfg = Release|Any CPU
		{36C8F6B2-D629-44F6-8E75-E189A16A3D2F}.Release|Any CPU.Build.0 = Release|Any CPU
		{191352DB-F052-4089-B6E3-9716969D40B4}.Debug|Any CPU.ActiveCfg = Debug|Any CPU
		{191352DB-F052-4089-B6E3-9716969D40B4}.Debug|Any CPU.Build.0 = Debug|Any CPU
		{191352DB-F052-4089-B6E3-9716969D40B4}.Release|Any CPU.ActiveCfg = Release|Any CPU
		{191352DB-F052-4089-B6E3-9716969D40B4}.Release|Any CPU.Build.0 = Release|Any CPU
		{A7B5B956-58EE-481D-8EA6-8A999627E6E5}.Debug|Any CPU.ActiveCfg = Debug|Any CPU
		{A7B5B956-58EE-481D-8EA6-8A999627E6E5}.Debug|Any CPU.Build.0 = Debug|Any CPU
		{A7B5B956-58EE-481D-8EA6-8A999627E6E5}.Release|Any CPU.ActiveCfg = Release|Any CPU
		{A7B5B956-58EE-481D-8EA6-8A999627E6E5}.Release|Any CPU.Build.0 = Release|Any CPU
		{0C100A97-4BF7-4711-B2BB-380BCDC0E89B}.Debug|Any CPU.ActiveCfg = Debug|Any CPU
		{0C100A97-4BF7-4711-B2BB-380BCDC0E89B}.Debug|Any CPU.Build.0 = Debug|Any CPU
		{0C100A97-4BF7-4711-B2BB-380BCDC0E89B}.Release|Any CPU.ActiveCfg = Release|Any CPU
		{0C100A97-4BF7-4711-B2BB-380BCDC0E89B}.Release|Any CPU.Build.0 = Release|Any CPU
	EndGlobalSection
	GlobalSection(SolutionProperties) = preSolution
		HideSolutionNode = FALSE
	EndGlobalSection
	GlobalSection(ExtensibilityGlobals) = postSolution
		SolutionGuid = {234D26CF-CF3E-43B3-8A6F-FDD718664095}
	EndGlobalSection
EndGlobal
